
Microsoft Visual Studio Solution File, Format Version 12.00
# Visual Studio Version 17
VisualStudioVersion = 17.1.32328.378
MinimumVisualStudioVersion = 10.0.40219.1
Project("{FAE04EC0-301F-11D3-BF4B-00C04F79EFBC}") = "Métodos Construtores", "Métodos Construtores\Métodos Construtores.csproj", "{704CFAEC-C654-44BC-A2A7-F7B15CD48970}"
EndProject
Global
	GlobalSection(SolutionConfigurationPlatforms) = preSolution
		Debug|Any CPU = Debug|Any CPU
		Release|Any CPU = Release|Any CPU
	EndGlobalSection
	GlobalSection(ProjectConfigurationPlatforms) = postSolution
		{704CFAEC-C654-44BC-A2A7-F7B15CD48970}.Debug|Any CPU.ActiveCfg = Debug|Any CPU
		{704CFAEC-C654-44BC-A2A7-F7B15CD48970}.Debug|Any CPU.Build.0 = Debug|Any CPU
		{704CFAEC-C654-44BC-A2A7-F7B15CD48970}.Release|Any CPU.ActiveCfg = Release|Any CPU
		{704CFAEC-C654-44BC-A2A7-F7B15CD48970}.Release|Any CPU.Build.0 = Release|Any CPU
	EndGlobalSection
	GlobalSection(SolutionProperties) = preSolution
		HideSolutionNode = FALSE
	EndGlobalSection
	GlobalSection(ExtensibilityGlobals) = postSolution
		SolutionGuid = {C5E6F37F-E2AA-496A-9B11-53B51D415A9E}
	EndGlobalSection
EndGlobal
